
Microsoft Visual Studio Solution File, Format Version 12.00
# Visual Studio Version 17
VisualStudioVersion = 17.0.32112.339
MinimumVisualStudioVersion = 10.0.40219.1
Project("{FAE04EC0-301F-11D3-BF4B-00C04F79EFBC}") = "TestApi_GitHub", "TestApi_GitHub\TestApi_GitHub.csproj", "{4721501F-DA4E-4345-AF31-78188559472C}"
EndProject
Global
	GlobalSection(SolutionConfigurationPlatforms) = preSolution
		Debug|Any CPU = Debug|Any CPU
		Release|Any CPU = Release|Any CPU
	EndGlobalSection
	GlobalSection(ProjectConfigurationPlatforms) = postSolution
		{4721501F-DA4E-4345-AF31-78188559472C}.Debug|Any CPU.ActiveCfg = Debug|Any CPU
		{4721501F-DA4E-4345-AF31-78188559472C}.Debug|Any CPU.Build.0 = Debug|Any CPU
		{4721501F-DA4E-4345-AF31-78188559472C}.Release|Any CPU.ActiveCfg = Release|Any CPU
		{4721501F-DA4E-4345-AF31-78188559472C}.Release|Any CPU.Build.0 = Release|Any CPU
	EndGlobalSection
	GlobalSection(SolutionProperties) = preSolution
		HideSolutionNode = FALSE
	EndGlobalSection
	GlobalSection(ExtensibilityGlobals) = postSolution
		SolutionGuid = {ED7C3C98-C6E7-469B-85FE-1673BDEBE4A6}
	EndGlobalSection
EndGlobal
